
Microsoft Visual Studio Solution File, Format Version 12.00
# Visual Studio 15
VisualStudioVersion = 15.0.27428.2011
MinimumVisualStudioVersion = 10.0.40219.1
Project("{FAE04EC0-301F-11D3-BF4B-00C04F79EFBC}") = "Alerts_App", "Alerts_App\Alerts_App.csproj", "{C5BB3A13-87D0-40EF-9F88-CB9064D15ECB}"
EndProject
Global
	GlobalSection(SolutionConfigurationPlatforms) = preSolution
		Debug|Any CPU = Debug|Any CPU
		Release|Any CPU = Release|Any CPU
	EndGlobalSection
	GlobalSection(ProjectConfigurationPlatforms) = postSolution
		{C5BB3A13-87D0-40EF-9F88-CB9064D15ECB}.Debug|Any CPU.ActiveCfg = Debug|Any CPU
		{C5BB3A13-87D0-40EF-9F88-CB9064D15ECB}.Debug|Any CPU.Build.0 = Debug|Any CPU
		{C5BB3A13-87D0-40EF-9F88-CB9064D15ECB}.Debug|Any CPU.Deploy.0 = Debug|Any CPU
		{C5BB3A13-87D0-40EF-9F88-CB9064D15ECB}.Release|Any CPU.ActiveCfg = Release|Any CPU
		{C5BB3A13-87D0-40EF-9F88-CB9064D15ECB}.Release|Any CPU.Build.0 = Release|Any CPU
		{C5BB3A13-87D0-40EF-9F88-CB9064D15ECB}.Release|Any CPU.Deploy.0 = Release|Any CPU
	EndGlobalSection
	GlobalSection(SolutionProperties) = preSolution
		HideSolutionNode = FALSE
	EndGlobalSection
	GlobalSection(ExtensibilityGlobals) = postSolution
		SolutionGuid = {40862A45-6C58-41D2-B96C-F1AA200113BF}
	EndGlobalSection
EndGlobal
