
Microsoft Visual Studio Solution File, Format Version 12.00
# Visual Studio 15
VisualStudioVersion = 15.0.27428.2011
MinimumVisualStudioVersion = 10.0.40219.1
Project("{FAE04EC0-301F-11D3-BF4B-00C04F79EFBC}") = "Spinner_Toggle", "Spinner_Toggle\Spinner_Toggle.csproj", "{1ED81C13-9F3F-4511-8850-2E2D1EABCCAB}"
EndProject
Global
	GlobalSection(SolutionConfigurationPlatforms) = preSolution
		Debug|Any CPU = Debug|Any CPU
		Release|Any CPU = Release|Any CPU
	EndGlobalSection
	GlobalSection(ProjectConfigurationPlatforms) = postSolution
		{1ED81C13-9F3F-4511-8850-2E2D1EABCCAB}.Debug|Any CPU.ActiveCfg = Debug|Any CPU
		{1ED81C13-9F3F-4511-8850-2E2D1EABCCAB}.Debug|Any CPU.Build.0 = Debug|Any CPU
		{1ED81C13-9F3F-4511-8850-2E2D1EABCCAB}.Debug|Any CPU.Deploy.0 = Debug|Any CPU
		{1ED81C13-9F3F-4511-8850-2E2D1EABCCAB}.Release|Any CPU.ActiveCfg = Release|Any CPU
		{1ED81C13-9F3F-4511-8850-2E2D1EABCCAB}.Release|Any CPU.Build.0 = Release|Any CPU
		{1ED81C13-9F3F-4511-8850-2E2D1EABCCAB}.Release|Any CPU.Deploy.0 = Release|Any CPU
	EndGlobalSection
	GlobalSection(SolutionProperties) = preSolution
		HideSolutionNode = FALSE
	EndGlobalSection
	GlobalSection(ExtensibilityGlobals) = postSolution
		SolutionGuid = {3F1FF1AC-9DD9-4DE9-9B93-3B1D469C0CD6}
	EndGlobalSection
EndGlobal
