
Microsoft Visual Studio Solution File, Format Version 12.00
# Visual Studio 15
VisualStudioVersion = 15.0.27428.2011
MinimumVisualStudioVersion = 10.0.40219.1
Project("{FAE04EC0-301F-11D3-BF4B-00C04F79EFBC}") = "FileSystemApp", "FileSystemApp\FileSystemApp.csproj", "{22EBA4F6-F5C5-4898-9F49-05AAF71831FD}"
EndProject
Global
	GlobalSection(SolutionConfigurationPlatforms) = preSolution
		Debug|Any CPU = Debug|Any CPU
		Release|Any CPU = Release|Any CPU
	EndGlobalSection
	GlobalSection(ProjectConfigurationPlatforms) = postSolution
		{22EBA4F6-F5C5-4898-9F49-05AAF71831FD}.Debug|Any CPU.ActiveCfg = Debug|Any CPU
		{22EBA4F6-F5C5-4898-9F49-05AAF71831FD}.Debug|Any CPU.Build.0 = Debug|Any CPU
		{22EBA4F6-F5C5-4898-9F49-05AAF71831FD}.Debug|Any CPU.Deploy.0 = Debug|Any CPU
		{22EBA4F6-F5C5-4898-9F49-05AAF71831FD}.Release|Any CPU.ActiveCfg = Release|Any CPU
		{22EBA4F6-F5C5-4898-9F49-05AAF71831FD}.Release|Any CPU.Build.0 = Release|Any CPU
		{22EBA4F6-F5C5-4898-9F49-05AAF71831FD}.Release|Any CPU.Deploy.0 = Release|Any CPU
	EndGlobalSection
	GlobalSection(SolutionProperties) = preSolution
		HideSolutionNode = FALSE
	EndGlobalSection
	GlobalSection(ExtensibilityGlobals) = postSolution
		SolutionGuid = {F5C19A2D-340F-475E-8AF4-6B7E2249AB3A}
	EndGlobalSection
EndGlobal
